dependencies:
  idf:
    source:
      type: idf
    version: 5.4.0
  zorxx/neopixel:
    component_hash: eb2457ac2b7fca04be1834cf3af7a901f72969918a30ce68a1c1b0c160306201
    dependencies: []
    source:
      registry_url: https://components.espressif.com/
      type: service
    version: 1.0.10
direct_dependencies:
- idf
- zorxx/neopixel
manifest_hash: a69ca5cd52e2f04cb8785b8dd2fd56dae9ef95c4ac73ff5384a1deec4d1b2854
target: esp32c6
version: 2.0.0
